
Microsoft Visual Studio Solution File, Format Version 11.00
# Visual Studio 2010
Project("{2150E333-8FDC-42A3-9474-1A3956D46DE8}") = "Src", "Src", "{106B0954-D989-4D06-8767-972389756903}"
EndProject
Project("{2150E333-8FDC-42A3-9474-1A3956D46DE8}") = "Build", "Build", "{6A743F0C-4624-4299-82D4-4472C8B6E7C3}"
	ProjectSection(SolutionItems) = preProject
		Package.build.xml = Package.build.xml
		Package.nuspec = Package.nuspec
	EndProjectSection
EndProject
Project("{2150E333-8FDC-42A3-9474-1A3956D46DE8}") = "Tests", "Tests", "{1F2D6E0F-A319-4EE8-A575-1A4791284255}"
EndProject
Project("{2150E333-8FDC-42A3-9474-1A3956D46DE8}") = "Integration", "Integration", "{1154DCDC-15F1-4E68-AEBA-301F86006C82}"
EndProject
Project("{2150E333-8FDC-42A3-9474-1A3956D46DE8}") = "Docs", "Docs", "{7DB6AAF5-62C1-4CF1-BB5F-67E2D4959346}"
	ProjectSection(SolutionItems) = preProject
		README.md = README.md
	EndProjectSection
EndProject
Project("{2150E333-8FDC-42A3-9474-1A3956D46DE8}") = ".nuget", ".nuget", "{5B77A276-5E1C-4DB0-87CA-47319E3DA657}"
	ProjectSection(SolutionItems) = preProject
		.nuget\NuGet.exe = .nuget\NuGet.exe
		.nuget\NuGet.targets = .nuget\NuGet.targets
	EndProjectSection
EndProject
Project("{FAE04EC0-301F-11D3-BF4B-00C04F79EFBC}") = "ES.Web.Version", "src\app\ES.Web.Version\ES.Web.Version.csproj", "{365CA0DE-4E33-4CAA-B55D-84CD014C698C}"
EndProject
Project("{FAE04EC0-301F-11D3-BF4B-00C04F79EFBC}") = "ES.Web.Version.Net2.Website", "src\test\integration\ES.Web.Version.Net2.Website\ES.Web.Version.Net2.Website.csproj", "{DAB364BE-B966-428B-BCFD-9A5E4A7A6F85}"
EndProject
Project("{FAE04EC0-301F-11D3-BF4B-00C04F79EFBC}") = "ES.Web.Version.Net35.Website", "src\test\integration\ES.Web.Version.Net35.Website\ES.Web.Version.Net35.Website.csproj", "{70C25797-0925-43EB-822F-C25A40CA9E6E}"
EndProject
Global
	GlobalSection(SolutionConfigurationPlatforms) = preSolution
		Debug|Any CPU = Debug|Any CPU
		Release|Any CPU = Release|Any CPU
	EndGlobalSection
	GlobalSection(ProjectConfigurationPlatforms) = postSolution
		{365CA0DE-4E33-4CAA-B55D-84CD014C698C}.Debug|Any CPU.ActiveCfg = Debug|Any CPU
		{365CA0DE-4E33-4CAA-B55D-84CD014C698C}.Debug|Any CPU.Build.0 = Debug|Any CPU
		{365CA0DE-4E33-4CAA-B55D-84CD014C698C}.Release|Any CPU.ActiveCfg = Release|Any CPU
		{365CA0DE-4E33-4CAA-B55D-84CD014C698C}.Release|Any CPU.Build.0 = Release|Any CPU
		{DAB364BE-B966-428B-BCFD-9A5E4A7A6F85}.Debug|Any CPU.ActiveCfg = Debug|Any CPU
		{DAB364BE-B966-428B-BCFD-9A5E4A7A6F85}.Debug|Any CPU.Build.0 = Debug|Any CPU
		{DAB364BE-B966-428B-BCFD-9A5E4A7A6F85}.Release|Any CPU.ActiveCfg = Release|Any CPU
		{DAB364BE-B966-428B-BCFD-9A5E4A7A6F85}.Release|Any CPU.Build.0 = Release|Any CPU
		{70C25797-0925-43EB-822F-C25A40CA9E6E}.Debug|Any CPU.ActiveCfg = Debug|Any CPU
		{70C25797-0925-43EB-822F-C25A40CA9E6E}.Debug|Any CPU.Build.0 = Debug|Any CPU
		{70C25797-0925-43EB-822F-C25A40CA9E6E}.Release|Any CPU.ActiveCfg = Release|Any CPU
		{70C25797-0925-43EB-822F-C25A40CA9E6E}.Release|Any CPU.Build.0 = Release|Any CPU
	EndGlobalSection
	GlobalSection(SolutionProperties) = preSolution
		HideSolutionNode = FALSE
	EndGlobalSection
	GlobalSection(NestedProjects) = preSolution
		{365CA0DE-4E33-4CAA-B55D-84CD014C698C} = {106B0954-D989-4D06-8767-972389756903}
		{1154DCDC-15F1-4E68-AEBA-301F86006C82} = {1F2D6E0F-A319-4EE8-A575-1A4791284255}
		{DAB364BE-B966-428B-BCFD-9A5E4A7A6F85} = {1154DCDC-15F1-4E68-AEBA-301F86006C82}
		{70C25797-0925-43EB-822F-C25A40CA9E6E} = {1154DCDC-15F1-4E68-AEBA-301F86006C82}
	EndGlobalSection
	GlobalSection(ExtensibilityGlobals) = postSolution
		VisualSVNWorkingCopyRoot = .
		EnterpriseLibraryConfigurationToolBinariesPath = packages\Unity.2.1.505.0\lib\NET35;packages\Unity.Interception.2.1.505.0\lib\NET35;packages\EnterpriseLibrary.Common.5.0.505.0\lib\NET35;packages\EnterpriseLibrary.Validation.5.0.505.0\lib\NET35
	EndGlobalSection
EndGlobal
